
Microsoft Visual Studio Solution File, Format Version 12.00
# Visual Studio Version 16
VisualStudioVersion = 16.0.33529.622
MinimumVisualStudioVersion = 10.0.40219.1
Project("{FAE04EC0-301F-11D3-BF4B-00C04F79EFBC}") = "CShopStuddyee", "CShopStuddyee\CShopStuddyee.csproj", "{B4927996-7F0D-4499-93D2-67A6EE01C90C}"
EndProject
Global
	GlobalSection(SolutionConfigurationPlatforms) = preSolution
		Debug|Any CPU = Debug|Any CPU
		Release|Any CPU = Release|Any CPU
	EndGlobalSection
	GlobalSection(ProjectConfigurationPlatforms) = postSolution
		{B4927996-7F0D-4499-93D2-67A6EE01C90C}.Debug|Any CPU.ActiveCfg = Debug|Any CPU
		{B4927996-7F0D-4499-93D2-67A6EE01C90C}.Debug|Any CPU.Build.0 = Debug|Any CPU
		{B4927996-7F0D-4499-93D2-67A6EE01C90C}.Release|Any CPU.ActiveCfg = Release|Any CPU
		{B4927996-7F0D-4499-93D2-67A6EE01C90C}.Release|Any CPU.Build.0 = Release|Any CPU
	EndGlobalSection
	GlobalSection(SolutionProperties) = preSolution
		HideSolutionNode = FALSE
	EndGlobalSection
	GlobalSection(ExtensibilityGlobals) = postSolution
		SolutionGuid = {631595EE-6548-41F8-80C1-34F4AE781C91}
	EndGlobalSection
EndGlobal
